# This file is autogenerated, do not edit; changes may be undone by the next 'dep ensure'.


[[projects]]
  name = "github.com/containernetworking/cni"
  packages = [
    "pkg/skel",
    "pkg/types",
    "pkg/types/020",
    "pkg/types/current",
    "pkg/version"
  ]
  revision = "07c1a6da47b7fbf8b357f4949ecce2113e598491"
  version = "v0.7.0-alpha1"

[solve-meta]
  analyzer-name = "dep"
  analyzer-version = 1
  inputs-digest = "21389bee783a9739614c16f2edac339a2e4855ccc511863d30ce589f047ca18e"
  solver-name = "gps-cdcl"
  solver-version = 1
